
Microsoft Visual Studio Solution File, Format Version 12.00
# Visual Studio Version 16
VisualStudioVersion = 16.0.28803.352
MinimumVisualStudioVersion = 10.0.40219.1
Project("{FAE04EC0-301F-11D3-BF4B-00C04F79EFBC}") = "Farmacia", "Farmacia\Farmacia.csproj", "{1C347210-E199-4610-BE3B-C17D54E82FC7}"
EndProject
Global
	GlobalSection(SolutionConfigurationPlatforms) = preSolution
		Debug|Any CPU = Debug|Any CPU
		Release|Any CPU = Release|Any CPU
	EndGlobalSection
	GlobalSection(ProjectConfigurationPlatforms) = postSolution
		{1C347210-E199-4610-BE3B-C17D54E82FC7}.Debug|Any CPU.ActiveCfg = Debug|Any CPU
		{1C347210-E199-4610-BE3B-C17D54E82FC7}.Debug|Any CPU.Build.0 = Debug|Any CPU
		{1C347210-E199-4610-BE3B-C17D54E82FC7}.Release|Any CPU.ActiveCfg = Release|Any CPU
		{1C347210-E199-4610-BE3B-C17D54E82FC7}.Release|Any CPU.Build.0 = Release|Any CPU
	EndGlobalSection
	GlobalSection(SolutionProperties) = preSolution
		HideSolutionNode = FALSE
	EndGlobalSection
	GlobalSection(ExtensibilityGlobals) = postSolution
		SolutionGuid = {AD57A6E8-A8E8-4FD4-9974-2936BD73F42C}
	EndGlobalSection
EndGlobal
